{
  "name": "frontend",
  "lockfileVersion": 3,
  "requires": true,
  "packages": {
    "": {
      "devDependencies": {
        "@yandex/ymaps3-types": "^1.0.19345674"
      }
    },
    "node_modules/@yandex/ymaps3-types": {
      "version": "1.0.19345674",
      "resolved": "https://registry.npmjs.org/@yandex/ymaps3-types/-/ymaps3-types-1.0.19345674.tgz",
      "integrity": "sha512-7R16mJueDKCIWzIvhFBgZvl5tVr8UYQZd79bga/iVSk1+wBe99w34/lcUHTnsWQMSSZzKTVL+ncdPpqTH8iMvw==",
      "dev": true,
      "license": "Apache-2.0",
      "peerDependencies": {
        "@types/react": "^16.0.0 || ^17.0.0 || ^18.0.0 || ^19.0.0",
        "@types/react-dom": "^16.0.0 || ^17.0.0 || ^18.0.0 || ^19.0.0",
        "@vue/runtime-core": "3"
      },
      "peerDependenciesMeta": {
        "@types/react": {
          "optional": true
        },
        "@types/react-dom": {
          "optional": true
        },
        "@vue/runtime-core": {
          "optional": true
        }
      }
    }
  }
}